{
  "name": "index.test",
  "lockfileVersion": 2,
  "requires": true,
  "packages": {
    "": {
      "name": "index.test",
      "devDependencies": {
        "httpyac-plugin-yaml-body": "../.."
      }
    },
    "../..": {
      "version": "0.2.0",
      "dev": true,
      "license": "ISC",
      "dependencies": {
        "yaml": "^1.10.2"
      },
      "devDependencies": {
        "httpyac": "^4.7.3",
        "jest": "^27.4.3",
        "mockttp": "^2.4.0"
      }
    },
    "node_modules/httpyac-plugin-yaml-body": {
      "resolved": "../..",
      "link": true
    }
  },
  "dependencies": {
    "httpyac-plugin-yaml-body": {
      "version": "file:../..",
      "requires": {
        "httpyac": "^4.7.3",
        "jest": "^27.4.3",
        "mockttp": "^2.4.0",
        "yaml": "^1.10.2"
      }
    }
  }
}
